
Microsoft Visual Studio Solution File, Format Version 12.00
# Visual Studio Version 17
VisualStudioVersion = 17.3.32714.290
MinimumVisualStudioVersion = 10.0.40219.1
Project("{FAE04EC0-301F-11D3-BF4B-00C04F79EFBC}") = "Krane", "Krane\Krane.csproj", "{BA368D86-8499-417E-A4E1-F1DF416DC2D4}"
EndProject
Global
	GlobalSection(SolutionConfigurationPlatforms) = preSolution
		Debug|Any CPU = Debug|Any CPU
		Release|Any CPU = Release|Any CPU
	EndGlobalSection
	GlobalSection(ProjectConfigurationPlatforms) = postSolution
		{BA368D86-8499-417E-A4E1-F1DF416DC2D4}.Debug|Any CPU.ActiveCfg = Debug|Any CPU
		{BA368D86-8499-417E-A4E1-F1DF416DC2D4}.Debug|Any CPU.Build.0 = Debug|Any CPU
		{BA368D86-8499-417E-A4E1-F1DF416DC2D4}.Release|Any CPU.ActiveCfg = Release|Any CPU
		{BA368D86-8499-417E-A4E1-F1DF416DC2D4}.Release|Any CPU.Build.0 = Release|Any CPU
	EndGlobalSection
	GlobalSection(SolutionProperties) = preSolution
		HideSolutionNode = FALSE
	EndGlobalSection
	GlobalSection(ExtensibilityGlobals) = postSolution
		SolutionGuid = {3048AF51-2AAC-4A0F-9716-AA3EB0B01858}
	EndGlobalSection
EndGlobal
